# This file may be used to create an environment using:
# $ conda create --name <env> --file <this file>
# platform: linux-64
@EXPLICIT
https://conda.anaconda.org/conda-forge/linux-64/libgomp-16.2.0-he0feb66_7.conda#d904c7ddd95e026254b4b80808ee9e12
https://conda.anaconda.org/conda-forge/linux-64/_openmp_mutex-4.5-20_gnu.conda#a9f577daf3de00bca7c3c76c0ecbd1de
https://conda.anaconda.org/conda-forge/noarch/ca-certificates-2026.7.22-hbd8a1cb_0.conda#0f51e2391ade309db462a55611263e9c
https://conda.anaconda.org/conda-forge/linux-64/libgcc-16.2.0-ha9f2e26_7.conda#735629b400b70eeab21a2ba8f5b1c2ce
https://conda.anaconda.org/conda-forge/linux-64/libstdcxx-16.2.0-h934c35e_7.conda#9b6707e0caca917fa6ea9ee473f37a5d
https://conda.anaconda.org/conda-forge/linux-64/gmp-6.3.0-hfd2156b_3.conda#576e32739f323438bf69ab006c21be7b
https://conda.anaconda.org/conda-forge/linux-64/libzlib-1.3.2-h25fd6f3_3.conda#0de0122d9570a8ab637c6b73db268389
https://conda.anaconda.org/conda-forge/noarch/kernel-headers_linux-64-5.14.0-he073ed8_3.conda#1e453742ed8f6b4250c66be1dd6ba4fe
https://conda.anaconda.org/conda-forge/noarch/tzdata-2026c-h151e31d_0.conda#fcb489df604d100968b737f2cb6076c6
https://conda.anaconda.org/conda-forge/noarch/sysroot_linux-64-2.34-h087de78_3.conda#b04e3a97151611d6a35c8c068b2a03a2
https://conda.anaconda.org/bioconda/linux-64/k8-1.2-he8db53b_6.tar.bz2#6c44663f234185cc54d7a90c4d7a555a
https://conda.anaconda.org/conda-forge/linux-64/libffi-3.5.2-h3435931_0.conda#a360c33a5abe61c07959e449fa1453eb
https://conda.anaconda.org/conda-forge/linux-64/libxcrypt-4.4.38-h280c20c_0.conda#f7a7ff5a6ab331e037abd34f379a631d
https://conda.anaconda.org/bioconda/linux-64/minimap2-2.31-h118bc1c_0.conda#9134876c84df5b48841bfe743cfd7b67
https://conda.anaconda.org/conda-forge/linux-64/perl-5.32.1-10_h7cc23a3_perl5.conda#dfa988f7a513f0f441ba36d128b5d327
https://conda.anaconda.org/conda-forge/linux-64/ncurses-6.6-hdb14827_1.conda#ee6c0cd80a60961a1f48aa3e0b91f986
https://conda.anaconda.org/conda-forge/linux-64/openssl-3.6.5-h781a0a9_0.conda#5a51a2ea653f120240b1a9bf76e0aae9
https://conda.anaconda.org/conda-forge/linux-64/readline-8.3-hd6e31c0_1.conda#69c01c781e7c8190bbdaf79e3848c5ca
https://conda.anaconda.org/conda-forge/linux-64/yaml-0.2.5-hebe6cf0_3.conda#e741576fb8f89821ac7c1c537322a33d
https://conda.anaconda.org/conda-forge/linux-64/ruby-4.0.6-h95e6935_0.conda#5a505703517eb48ac34702883b97d3e7
https://conda.anaconda.org/bioconda/noarch/yaggo-1.5.10-hdfd78af_1.tar.bz2#af5feb5125f033203c2f96d0b4c9098b
https://conda.anaconda.org/bioconda/linux-64/mummer4-4.0.0-pl5321h9948957_0.tar.bz2#45acc17035689217d0642cf7e54881a3
